
Microsoft Visual Studio Solution File, Format Version 12.00
# Visual Studio Version 16
VisualStudioVersion = 16.0.31005.135
MinimumVisualStudioVersion = 10.0.40219.1
Project("{FAE04EC0-301F-11D3-BF4B-00C04F79EFBC}") = "FizzBuzz", "ZadanieRekrutacyjne1\FizzBuzz.csproj", "{F5067F68-D79B-417A-AF2D-8AC2411E9CB9}"
EndProject
Global
	GlobalSection(SolutionConfigurationPlatforms) = preSolution
		Debug|Any CPU = Debug|Any CPU
		Release|Any CPU = Release|Any CPU
	EndGlobalSection
	GlobalSection(ProjectConfigurationPlatforms) = postSolution
		{F5067F68-D79B-417A-AF2D-8AC2411E9CB9}.Debug|Any CPU.ActiveCfg = Debug|Any CPU
		{F5067F68-D79B-417A-AF2D-8AC2411E9CB9}.Debug|Any CPU.Build.0 = Debug|Any CPU
		{F5067F68-D79B-417A-AF2D-8AC2411E9CB9}.Release|Any CPU.ActiveCfg = Release|Any CPU
		{F5067F68-D79B-417A-AF2D-8AC2411E9CB9}.Release|Any CPU.Build.0 = Release|Any CPU
	EndGlobalSection
	GlobalSection(SolutionProperties) = preSolution
		HideSolutionNode = FALSE
	EndGlobalSection
	GlobalSection(ExtensibilityGlobals) = postSolution
		SolutionGuid = {3D0B8558-21AC-4608-A38E-18B4A686E02C}
	EndGlobalSection
EndGlobal
